
Microsoft Visual Studio Solution File, Format Version 11.00
# Visual Studio 2010
Project("{FAE04EC0-301F-11D3-BF4B-00C04F79EFBC}") = "MvcSampleApp", "MvcSampleApp\MvcSampleApp.csproj", "{D0483660-2B65-402A-88C0-563C9B1BC369}"
EndProject
Project("{FAE04EC0-301F-11D3-BF4B-00C04F79EFBC}") = "MvcSampleApp.Tests", "MvcSampleApp.Tests\MvcSampleApp.Tests.csproj", "{F5D5EC6E-D0A3-4352-B934-ED7277CD6CC2}"
EndProject
Global
	GlobalSection(SolutionConfigurationPlatforms) = preSolution
		Debug|Any CPU = Debug|Any CPU
		Release|Any CPU = Release|Any CPU
	EndGlobalSection
	GlobalSection(ProjectConfigurationPlatforms) = postSolution
		{D0483660-2B65-402A-88C0-563C9B1BC369}.Debug|Any CPU.ActiveCfg = Debug|Any CPU
		{D0483660-2B65-402A-88C0-563C9B1BC369}.Debug|Any CPU.Build.0 = Debug|Any CPU
		{D0483660-2B65-402A-88C0-563C9B1BC369}.Release|Any CPU.ActiveCfg = Release|Any CPU
		{D0483660-2B65-402A-88C0-563C9B1BC369}.Release|Any CPU.Build.0 = Release|Any CPU
		{F5D5EC6E-D0A3-4352-B934-ED7277CD6CC2}.Debug|Any CPU.ActiveCfg = Debug|Any CPU
		{F5D5EC6E-D0A3-4352-B934-ED7277CD6CC2}.Debug|Any CPU.Build.0 = Debug|Any CPU
		{F5D5EC6E-D0A3-4352-B934-ED7277CD6CC2}.Release|Any CPU.ActiveCfg = Release|Any CPU
		{F5D5EC6E-D0A3-4352-B934-ED7277CD6CC2}.Release|Any CPU.Build.0 = Release|Any CPU
	EndGlobalSection
	GlobalSection(SolutionProperties) = preSolution
		HideSolutionNode = FALSE
	EndGlobalSection
EndGlobal
