
Microsoft Visual Studio Solution File, Format Version 10.00
# Visual Studio 2008
Project("{FAE04EC0-301F-11D3-BF4B-00C04F79EFBC}") = "MvcSampleApp", "MvcSampleApp\MvcSampleApp.csproj", "{C646E96D-56DD-4636-9016-2175B4ABB62C}"
EndProject
Project("{FAE04EC0-301F-11D3-BF4B-00C04F79EFBC}") = "MvcSampleApp.Tests", "MvcSampleApp.Tests\MvcSampleApp.Tests.csproj", "{541C3137-774A-4E62-9EBE-31DF90FD9C65}"
EndProject
Global
	GlobalSection(SolutionConfigurationPlatforms) = preSolution
		Debug|Any CPU = Debug|Any CPU
		Release|Any CPU = Release|Any CPU
	EndGlobalSection
	GlobalSection(ProjectConfigurationPlatforms) = postSolution
		{C646E96D-56DD-4636-9016-2175B4ABB62C}.Debug|Any CPU.ActiveCfg = Debug|Any CPU
		{C646E96D-56DD-4636-9016-2175B4ABB62C}.Debug|Any CPU.Build.0 = Debug|Any CPU
		{C646E96D-56DD-4636-9016-2175B4ABB62C}.Release|Any CPU.ActiveCfg = Release|Any CPU
		{C646E96D-56DD-4636-9016-2175B4ABB62C}.Release|Any CPU.Build.0 = Release|Any CPU
		{541C3137-774A-4E62-9EBE-31DF90FD9C65}.Debug|Any CPU.ActiveCfg = Debug|Any CPU
		{541C3137-774A-4E62-9EBE-31DF90FD9C65}.Debug|Any CPU.Build.0 = Debug|Any CPU
		{541C3137-774A-4E62-9EBE-31DF90FD9C65}.Release|Any CPU.ActiveCfg = Release|Any CPU
		{541C3137-774A-4E62-9EBE-31DF90FD9C65}.Release|Any CPU.Build.0 = Release|Any CPU
	EndGlobalSection
	GlobalSection(SolutionProperties) = preSolution
		HideSolutionNode = FALSE
	EndGlobalSection
EndGlobal
