
Microsoft Visual Studio Solution File, Format Version 12.00
# Visual Studio 2013
VisualStudioVersion = 12.0.31101.0
MinimumVisualStudioVersion = 10.0.40219.1
Project("{FAE04EC0-301F-11D3-BF4B-00C04F79EFBC}") = "WebApplicationRealEstateWithMongoDB", "WebApplicationRealEstateWithMongoDB\WebApplicationRealEstateWithMongoDB.csproj", "{D1CE96C3-B1E8-4E6D-BF31-EBF1C4774F6C}"
EndProject
Project("{FAE04EC0-301F-11D3-BF4B-00C04F79EFBC}") = "Tests", "Tests\Tests.csproj", "{EB98C530-6828-4BDB-A63F-4EA69AD08CA3}"
EndProject
Project("{FAE04EC0-301F-11D3-BF4B-00C04F79EFBC}") = "RealEstateWithMongoDB_WOldDriver", "RealEstateWithMongoDB_WOldDriver\RealEstateWithMongoDB_WOldDriver\RealEstateWithMongoDB_WOldDriver.csproj", "{98FFC68A-FF03-40FE-8109-B64A1DBADE9B}"
EndProject
Global
	GlobalSection(SolutionConfigurationPlatforms) = preSolution
		Debug|Any CPU = Debug|Any CPU
		Release|Any CPU = Release|Any CPU
	EndGlobalSection
	GlobalSection(ProjectConfigurationPlatforms) = postSolution
		{D1CE96C3-B1E8-4E6D-BF31-EBF1C4774F6C}.Debug|Any CPU.ActiveCfg = Debug|Any CPU
		{D1CE96C3-B1E8-4E6D-BF31-EBF1C4774F6C}.Debug|Any CPU.Build.0 = Debug|Any CPU
		{D1CE96C3-B1E8-4E6D-BF31-EBF1C4774F6C}.Release|Any CPU.ActiveCfg = Release|Any CPU
		{D1CE96C3-B1E8-4E6D-BF31-EBF1C4774F6C}.Release|Any CPU.Build.0 = Release|Any CPU
		{EB98C530-6828-4BDB-A63F-4EA69AD08CA3}.Debug|Any CPU.ActiveCfg = Debug|Any CPU
		{EB98C530-6828-4BDB-A63F-4EA69AD08CA3}.Debug|Any CPU.Build.0 = Debug|Any CPU
		{EB98C530-6828-4BDB-A63F-4EA69AD08CA3}.Release|Any CPU.ActiveCfg = Release|Any CPU
		{EB98C530-6828-4BDB-A63F-4EA69AD08CA3}.Release|Any CPU.Build.0 = Release|Any CPU
		{98FFC68A-FF03-40FE-8109-B64A1DBADE9B}.Debug|Any CPU.ActiveCfg = Debug|Any CPU
		{98FFC68A-FF03-40FE-8109-B64A1DBADE9B}.Debug|Any CPU.Build.0 = Debug|Any CPU
		{98FFC68A-FF03-40FE-8109-B64A1DBADE9B}.Release|Any CPU.ActiveCfg = Release|Any CPU
		{98FFC68A-FF03-40FE-8109-B64A1DBADE9B}.Release|Any CPU.Build.0 = Release|Any CPU
	EndGlobalSection
	GlobalSection(SolutionProperties) = preSolution
		HideSolutionNode = FALSE
	EndGlobalSection
EndGlobal
