
Microsoft Visual Studio Solution File, Format Version 11.00
# Visual Studio 2010
Project("{FAE04EC0-301F-11D3-BF4B-00C04F79EFBC}") = "OdeToFood", "OdeToFood\OdeToFood.csproj", "{F2444C63-10F9-4DCE-9375-E4C6EE0FDA12}"
EndProject
Project("{FAE04EC0-301F-11D3-BF4B-00C04F79EFBC}") = "OdeToFood.Tests", "OdeToFood.Tests\OdeToFood.Tests.csproj", "{4AAA3772-055D-439A-9BF0-F271BC22D852}"
EndProject
Global
	GlobalSection(SolutionConfigurationPlatforms) = preSolution
		Debug|Any CPU = Debug|Any CPU
		Release|Any CPU = Release|Any CPU
	EndGlobalSection
	GlobalSection(ProjectConfigurationPlatforms) = postSolution
		{F2444C63-10F9-4DCE-9375-E4C6EE0FDA12}.Debug|Any CPU.ActiveCfg = Debug|Any CPU
		{F2444C63-10F9-4DCE-9375-E4C6EE0FDA12}.Debug|Any CPU.Build.0 = Debug|Any CPU
		{F2444C63-10F9-4DCE-9375-E4C6EE0FDA12}.Release|Any CPU.ActiveCfg = Release|Any CPU
		{F2444C63-10F9-4DCE-9375-E4C6EE0FDA12}.Release|Any CPU.Build.0 = Release|Any CPU
		{4AAA3772-055D-439A-9BF0-F271BC22D852}.Debug|Any CPU.ActiveCfg = Debug|Any CPU
		{4AAA3772-055D-439A-9BF0-F271BC22D852}.Debug|Any CPU.Build.0 = Debug|Any CPU
		{4AAA3772-055D-439A-9BF0-F271BC22D852}.Release|Any CPU.ActiveCfg = Release|Any CPU
		{4AAA3772-055D-439A-9BF0-F271BC22D852}.Release|Any CPU.Build.0 = Release|Any CPU
	EndGlobalSection
	GlobalSection(SolutionProperties) = preSolution
		HideSolutionNode = FALSE
	EndGlobalSection
EndGlobal
